// !$*UTF8*$!
{
	archiveVersion = 1;
	classes = {
	};
	objectVersion = 50;
	objects = {

/* Begin PBXBuildFile section */
		FF5EEFBA253E95B400D3A5D8 /* AppDelegate.swift in Sources */ = {isa = PBXBuildFile; fileRef = FF5EEFB9253E95B400D3A5D8 /* AppDelegate.swift */; };
		FF5EEFBC253E95B400D3A5D8 /* SceneDelegate.swift in Sources */ = {isa = PBXBuildFile; fileRef = FF5EEFBB253E95B400D3A5D8 /* SceneDelegate.swift */; };
		FF5EEFBE253E95B400D3A5D8 /* ViewController.swift in Sources */ = {isa = PBXBuildFile; fileRef = FF5EEFBD253E95B400D3A5D8 /* ViewController.swift */; };
		FF5EEFC1253E95B400D3A5D8 /* Main.storyboard in Resources */ = {isa = PBXBuildFile; fileRef = FF5EEFBF253E95B400D3A5D8 /* Main.storyboard */; };
		FF5EEFC3253E95B600D3A5D8 /* Assets.xcassets in Resources */ = {isa = PBXBuildFile; fileRef = FF5EEFC2253E95B600D3A5D8 /* Assets.xcassets */; };
		FF5EEFC6253E95B600D3A5D8 /* LaunchScreen.storyboard in Resources */ = {isa = PBXBuildFile; fileRef = FF5EEFC4253E95B600D3A5D8 /* LaunchScreen.storyboard */; };
		FF5EEFD1253E95B600D3A5D8 /* VoteNowTests.swift in Sources */ = {isa = PBXBuildFile; fileRef = FF5EEFD0253E95B600D3A5D8 /* VoteNowTests.swift */; };
		FF5EEFDC253E95B600D3A5D8 /* VoteNowUITests.swift in Sources */ = {isa = PBXBuildFile; fileRef = FF5EEFDB253E95B600D3A5D8 /* VoteNowUITests.swift */; };
/* End PBXBuildFile section */

/* Begin PBXContainerItemProxy section */
		FF5EEFCD253E95B600D3A5D8 /* PBXContainerItemProxy */ = {
			isa = PBXContainerItemProxy;
			containerPortal = FF5EEFAE253E95B400D3A5D8 /* Project object */;
			proxyType = 1;
			remoteGlobalIDString = FF5EEFB5253E95B400D3A5D8;
			remoteInfo = VoteNow;
		};
		FF5EEFD8253E95B600D3A5D8 /* PBXContainerItemProxy */ = {
			isa = PBXContainerItemProxy;
			containerPortal = FF5EEFAE253E95B400D3A5D8 /* Project object */;
			proxyType = 1;
			remoteGlobalIDString = FF5EEFB5253E95B400D3A5D8;
			remoteInfo = VoteNow;
		};
/* End PBXContainerItemProxy section */

/* Begin PBXFileReference section */
		FF5EEFB6253E95B400D3A5D8 /* VoteNow.app */ = {isa = PBXFileReference; explicitFileType = wrapper.application; includeInIndex = 0; path = VoteNow.app; sourceTree = BUILT_PRODUCTS_DIR; };
		FF5EEFB9253E95B400D3A5D8 /* AppDelegate.swift */ = {isa = PBXFileReference; lastKnownFileType = sourcecode.swift; path = AppDelegate.swift; sourceTree = "<group>"; };
		FF5EEFBB253E95B400D3A5D8 /* SceneDelegate.swift */ = {isa = PBXFileReference; lastKnownFileType = sourcecode.swift; path = SceneDelegate.swift; sourceTree = "<group>"; };
		FF5EEFBD253E95B400D3A5D8 /* ViewController.swift */ = {isa = PBXFileReference; lastKnownFileType = sourcecode.swift; path = ViewController.swift; sourceTree = "<group>"; };
		FF5EEFC0253E95B400D3A5D8 /* Base */ = {isa = PBXFileReference; lastKnownFileType = file.storyboard; name = Base; path = Base.lproj/Main.storyboard; sourceTree = "<group>"; };
		FF5EEFC2253E95B600D3A5D8 /* Assets.xcassets */ = {isa = PBXFileReference; lastKnownFileType = folder.assetcatalog; path = Assets.xcassets; sourceTree = "<group>"; };
		FF5EEFC5253E95B600D3A5D8 /* Base */ = {isa = PBXFileReference; lastKnownFileType = file.storyboard; name = Base; path = Base.lproj/LaunchScreen.storyboard; sourceTree = "<group>"; };
		FF5EEFC7253E95B600D3A5D8 /* Info.plist */ = {isa = PBXFileReference; lastKnownFileType = text.plist.xml; path = Info.plist; sourceTree = "<group>"; };
		FF5EEFCC253E95B600D3A5D8 /* VoteNowTests.xctest */ = {isa = PBXFileReference; explicitFileType = wrapper.cfbundle; includeInIndex = 0; path = VoteNowTests.xctest; sourceTree = BUILT_PRODUCTS_DIR; };
		FF5EEFD0253E95B600D3A5D8 /* VoteNowTests.swift */ = {isa = PBXFileReference; lastKnownFileType = sourcecode.swift; path = VoteNowTests.swift; sourceTree = "<group>"; };
		FF5EEFD2253E95B600D3A5D8 /* Info.plist */ = {isa = PBXFileReference; lastKnownFileType = text.plist.xml; path = Info.plist; sourceTree = "<group>"; };
		FF5EEFD7253E95B600D3A5D8 /* VoteNowUITests.xctest */ = {isa = PBXFileReference; explicitFileType = wrapper.cfbundle; includeInIndex = 0; path = VoteNowUITests.xctest; sourceTree = BUILT_PRODUCTS_DIR; };
		FF5EEFDB253E95B600D3A5D8 /* VoteNowUITests.swift */ = {isa = PBXFileReference; lastKnownFileType = sourcecode.swift; path = VoteNowUITests.swift; sourceTree = "<group>"; };
		FF5EEFDD253E95B600D3A5D8 /* Info.plist */ = {isa = PBXFileReference; lastKnownFileType = text.plist.xml; path = Info.plist; sourceTree = "<group>"; };
/* End PBXFileReference section */

/* Begin PBXFrameworksBuildPhase section */
		FF5EEFB3253E95B400D3A5D8 /* Frameworks */ = {
			isa = PBXFrameworksBuildPhase;
			buildActionMask = 2147483647;
			files = (
			);
			runOnlyForDeploymentPostprocessing = 0;
		};
		FF5EEFC9253E95B600D3A5D8 /* Frameworks */ = {
			isa = PBXFrameworksBuildPhase;
			buildActionMask = 2147483647;
			files = (
			);
			runOnlyForDeploymentPostprocessing = 0;
		};
		FF5EEFD4253E95B600D3A5D8 /* Frameworks */ = {
			isa = PBXFrameworksBuildPhase;
			buildActionMask = 2147483647;
			files = (
			);
			runOnlyForDeploymentPostprocessing = 0;
		};
/* End PBXFrameworksBuildPhase section */

/* Begin PBXGroup section */
		FF5EEFAD253E95B400D3A5D8 = {
			isa = PBXGroup;
			children = (
				FF5EEFB8253E95B400D3A5D8 /* VoteNow */,
				FF5EEFCF253E95B600D3A5D8 /* VoteNowTests */,
				FF5EEFDA253E95B600D3A5D8 /* VoteNowUITests */,
				FF5EEFB7253E95B400D3A5D8 /* Products */,
			);
			sourceTree = "<group>";
		};
		FF5EEFB7253E95B400D3A5D8 /* Products */ = {
			isa = PBXGroup;
			children = (
				FF5EEFB6253E95B400D3A5D8 /* VoteNow.app */,
				FF5EEFCC253E95B600D3A5D8 /* VoteNowTests.xctest */,
				FF5EEFD7253E95B600D3A5D8 /* VoteNowUITests.xctest */,
			);
			name = Products;
			sourceTree = "<group>";
		};
		FF5EEFB8253E95B400D3A5D8 /* VoteNow */ = {
			isa = PBXGroup;
			children = (
				FF5EEFB9253E95B400D3A5D8 /* AppDelegate.swift */,
				FF5EEFBB253E95B400D3A5D8 /* SceneDelegate.swift */,
				FF5EEFBD253E95B400D3A5D8 /* ViewController.swift */,
				FF5EEFBF253E95B400D3A5D8 /* Main.storyboard */,
				FF5EEFC2253E95B600D3A5D8 /* Assets.xcassets */,
				FF5EEFC4253E95B600D3A5D8 /* LaunchScreen.storyboard */,
				FF5EEFC7253E95B600D3A5D8 /* Info.plist */,
			);
			path = VoteNow;
			sourceTree = "<group>";
		};
		FF5EEFCF253E95B600D3A5D8 /* VoteNowTests */ = {
			isa = PBXGroup;
			children = (
				FF5EEFD0253E95B600D3A5D8 /* VoteNowTests.swift */,
				FF5EEFD2253E95B600D3A5D8 /* Info.plist */,
			);
			path = VoteNowTests;
			sourceTree = "<group>";
		};
		FF5EEFDA253E95B600D3A5D8 /* VoteNowUITests */ = {
			isa = PBXGroup;
			children = (
				FF5EEFDB253E95B600D3A5D8 /* VoteNowUITests.swift */,
				FF5EEFDD253E95B600D3A5D8 /* Info.plist */,
			);
			path = VoteNowUITests;
			sourceTree = "<group>";
		};
/* End PBXGroup section */

/* Begin PBXNativeTarget section */
		FF5EEFB5253E95B400D3A5D8 /* VoteNow */ = {
			isa = PBXNativeTarget;
			buildConfigurationList = FF5EEFE0253E95B600D3A5D8 /* Build configuration list for PBXNativeTarget "VoteNow" */;
			buildPhases = (
				FF5EEFB2253E95B400D3A5D8 /* Sources */,
				FF5EEFB3253E95B400D3A5D8 /* Frameworks */,
				FF5EEFB4253E95B400D3A5D8 /* Resources */,
			);
			buildRules = (
			);
			dependencies = (
			);
			name = VoteNow;
			productName = VoteNow;
			productReference = FF5EEFB6253E95B400D3A5D8 /* VoteNow.app */;
			productType = "com.apple.product-type.application";
		};
		FF5EEFCB253E95B600D3A5D8 /* VoteNowTests */ = {
			isa = PBXNativeTarget;
			buildConfigurationList = FF5EEFE3253E95B600D3A5D8 /* Build configuration list for PBXNativeTarget "VoteNowTests" */;
			buildPhases = (
				FF5EEFC8253E95B600D3A5D8 /* Sources */,
				FF5EEFC9253E95B600D3A5D8 /* Frameworks */,
				FF5EEFCA253E95B600D3A5D8 /* Resources */,
			);
			buildRules = (
			);
			dependencies = (
				FF5EEFCE253E95B600D3A5D8 /* PBXTargetDependency */,
			);
			name = VoteNowTests;
			productName = VoteNowTests;
			productReference = FF5EEFCC253E95B600D3A5D8 /* VoteNowTests.xctest */;
			productType = "com.apple.product-type.bundle.unit-test";
		};
		FF5EEFD6253E95B600D3A5D8 /* VoteNowUITests */ = {
			isa = PBXNativeTarget;
			buildConfigurationList = FF5EEFE6253E95B600D3A5D8 /* Build configuration list for PBXNativeTarget "VoteNowUITests" */;
			buildPhases = (
				FF5EEFD3253E95B600D3A5D8 /* Sources */,
				FF5EEFD4253E95B600D3A5D8 /* Frameworks */,
				FF5EEFD5253E95B600D3A5D8 /* Resources */,
			);
			buildRules = (
			);
			dependencies = (
				FF5EEFD9253E95B600D3A5D8 /* PBXTargetDependency */,
			);
			name = VoteNowUITests;
			productName = VoteNowUITests;
			productReference = FF5EEFD7253E95B600D3A5D8 /* VoteNowUITests.xctest */;
			productType = "com.apple.product-type.bundle.ui-testing";
		};
/* End PBXNativeTarget section */

/* Begin PBXProject section */
		FF5EEFAE253E95B400D3A5D8 /* Project object */ = {
			isa = PBXProject;
			attributes = {
				LastSwiftUpdateCheck = 1200;
				LastUpgradeCheck = 1200;
				TargetAttributes = {
					FF5EEFB5253E95B400D3A5D8 = {
						CreatedOnToolsVersion = 12.0.1;
					};
					FF5EEFCB253E95B600D3A5D8 = {
						CreatedOnToolsVersion = 12.0.1;
						TestTargetID = FF5EEFB5253E95B400D3A5D8;
					};
					FF5EEFD6253E95B600D3A5D8 = {
						CreatedOnToolsVersion = 12.0.1;
						TestTargetID = FF5EEFB5253E95B400D3A5D8;
					};
				};
			};
			buildConfigurationList = FF5EEFB1253E95B400D3A5D8 /* Build configuration list for PBXProject "VoteNow" */;
			compatibilityVersion = "Xcode 9.3";
			developmentRegion = en;
			hasScannedForEncodings = 0;
			knownRegions = (
				en,
				Base,
			);
			mainGroup = FF5EEFAD253E95B400D3A5D8;
			productRefGroup = FF5EEFB7253E95B400D3A5D8 /* Products */;
			projectDirPath = "";
			projectRoot = "";
			targets = (
				FF5EEFB5253E95B400D3A5D8 /* VoteNow */,
				FF5EEFCB253E95B600D3A5D8 /* VoteNowTests */,
				FF5EEFD6253E95B600D3A5D8 /* VoteNowUITests */,
			);
		};
/* End PBXProject section */

/* Begin PBXResourcesBuildPhase section */
		FF5EEFB4253E95B400D3A5D8 /* Resources */ = {
			isa = PBXResourcesBuildPhase;
			buildActionMask = 2147483647;
			files = (
				FF5EEFC6253E95B600D3A5D8 /* LaunchScreen.storyboard in Resources */,
				FF5EEFC3253E95B600D3A5D8 /* Assets.xcassets in Resources */,
				FF5EEFC1253E95B400D3A5D8 /* Main.storyboard in Resources */,
			);
			runOnlyForDeploymentPostprocessing = 0;
		};
		FF5EEFCA253E95B600D3A5D8 /* Resources */ = {
			isa = PBXResourcesBuildPhase;
			buildActionMask = 2147483647;
			files = (
			);
			runOnlyForDeploymentPostprocessing = 0;
		};
		FF5EEFD5253E95B600D3A5D8 /* Resources */ = {
			isa = PBXResourcesBuildPhase;
			buildActionMask = 2147483647;
			files = (
			);
			runOnlyForDeploymentPostprocessing = 0;
		};
/* End PBXResourcesBuildPhase section */

/* Begin PBXSourcesBuildPhase section */
		FF5EEFB2253E95B400D3A5D8 /* Sources */ = {
			isa = PBXSourcesBuildPhase;
			buildActionMask = 2147483647;
			files = (
				FF5EEFBE253E95B400D3A5D8 /* ViewController.swift in Sources */,
				FF5EEFBA253E95B400D3A5D8 /* AppDelegate.swift in Sources */,
				FF5EEFBC253E95B400D3A5D8 /* SceneDelegate.swift in Sources */,
			);
			runOnlyForDeploymentPostprocessing = 0;
		};
		FF5EEFC8253E95B600D3A5D8 /* Sources */ = {
			isa = PBXSourcesBuildPhase;
			buildActionMask = 2147483647;
			files = (
				FF5EEFD1253E95B600D3A5D8 /* VoteNowTests.swift in Sources */,
			);
			runOnlyForDeploymentPostprocessing = 0;
		};
		FF5EEFD3253E95B600D3A5D8 /* Sources */ = {
			isa = PBXSourcesBuildPhase;
			buildActionMask = 2147483647;
			files = (
				FF5EEFDC253E95B600D3A5D8 /* VoteNowUITests.swift in Sources */,
			);
			runOnlyForDeploymentPostprocessing = 0;
		};
/* End PBXSourcesBuildPhase section */

/* Begin PBXTargetDependency section */
		FF5EEFCE253E95B600D3A5D8 /* PBXTargetDependency */ = {
			isa = PBXTargetDependency;
			target = FF5EEFB5253E95B400D3A5D8 /* VoteNow */;
			targetProxy = FF5EEFCD253E95B600D3A5D8 /* PBXContainerItemProxy */;
		};
		FF5EEFD9253E95B600D3A5D8 /* PBXTargetDependency */ = {
			isa = PBXTargetDependency;
			target = FF5EEFB5253E95B400D3A5D8 /* VoteNow */;
			targetProxy = FF5EEFD8253E95B600D3A5D8 /* PBXContainerItemProxy */;
		};
/* End PBXTargetDependency section */

/* Begin PBXVariantGroup section */
		FF5EEFBF253E95B400D3A5D8 /* Main.storyboard */ = {
			isa = PBXVariantGroup;
			children = (
				FF5EEFC0253E95B400D3A5D8 /* Base */,
			);
			name = Main.storyboard;
			sourceTree = "<group>";
		};
		FF5EEFC4253E95B600D3A5D8 /* LaunchScreen.storyboard */ = {
			isa = PBXVariantGroup;
			children = (
				FF5EEFC5253E95B600D3A5D8 /* Base */,
			);
			name = LaunchScreen.storyboard;
			sourceTree = "<group>";
		};
/* End PBXVariantGroup section */

/* Begin XCBuildConfiguration section */
		FF5EEFDE253E95B600D3A5D8 /* Debug */ = {
			isa = XCBuildConfiguration;
			buildSettings = {
				ALWAYS_SEARCH_USER_PATHS = NO;
				CLANG_ANALYZER_NONNULL = YES;
				CLANG_ANALYZER_NUMBER_OBJECT_CONVERSION = YES_AGGRESSIVE;
				CLANG_CXX_LANGUAGE_STANDARD = "gnu++14";
				CLANG_CXX_LIBRARY = "libc++";
				CLANG_ENABLE_MODULES = YES;
				CLANG_ENABLE_OBJC_ARC = YES;
				CLANG_ENABLE_OBJC_WEAK = YES;
				CLANG_WARN_BLOCK_CAPTURE_AUTORELEASING = YES;
				CLANG_WARN_BOOL_CONVERSION = YES;
				CLANG_WARN_COMMA = YES;
				CLANG_WARN_CONSTANT_CONVERSION = YES;
				CLANG_WARN_DEPRECATED_OBJC_IMPLEMENTATIONS = YES;
				CLANG_WARN_DIRECT_OBJC_ISA_USAGE = YES_ERROR;
				CLANG_WARN_DOCUMENTATION_COMMENTS = YES;
				CLANG_WARN_EMPTY_BODY = YES;
				CLANG_WARN_ENUM_CONVERSION = YES;
				CLANG_WARN_INFINITE_RECURSION = YES;
				CLANG_WARN_INT_CONVERSION = YES;
				CLANG_WARN_NON_LITERAL_NULL_CONVERSION = YES;
				CLANG_WARN_OBJC_IMPLICIT_RETAIN_SELF = YES;
				CLANG_WARN_OBJC_LITERAL_CONVERSION = YES;
				CLANG_WARN_OBJC_ROOT_CLASS = YES_ERROR;
				CLANG_WARN_QUOTED_INCLUDE_IN_FRAMEWORK_HEADER = YES;
				CLANG_WARN_RANGE_LOOP_ANALYSIS = YES;
				CLANG_WARN_STRICT_PROTOTYPES = YES;
				CLANG_WARN_SUSPICIOUS_MOVE = YES;
				CLANG_WARN_UNGUARDED_AVAILABILITY = YES_AGGRESSIVE;
				CLANG_WARN_UNREACHABLE_CODE = YES;
				CLANG_WARN__DUPLICATE_METHOD_MATCH = YES;
				COPY_PHASE_STRIP = NO;
				DEBUG_INFORMATION_FORMAT = dwarf;
				ENABLE_STRICT_OBJC_MSGSEND = YES;
				ENABLE_TESTABILITY = YES;
				GCC_C_LANGUAGE_STANDARD = gnu11;
				GCC_DYNAMIC_NO_PIC = NO;
				GCC_NO_COMMON_BLOCKS = YES;
				GCC_OPTIMIZATION_LEVEL = 0;
				GCC_PREPROCESSOR_DEFINITIONS = (
					"DEBUG=1",
					"$(inherited)",
				);
				GCC_WARN_64_TO_32_BIT_CONVERSION = YES;
				GCC_WARN_ABOUT_RETURN_TYPE = YES_ERROR;
				GCC_WARN_UNDECLARED_SELECTOR = YES;
				GCC_WARN_UNINITIALIZED_AUTOS = YES_AGGRESSIVE;
				GCC_WARN_UNUSED_FUNCTION = YES;
				GCC_WARN_UNUSED_VARIABLE = YES;
				IPHONEOS_DEPLOYMENT_TARGET = 14.0;
				MTL_ENABLE_DEBUG_INFO = INCLUDE_SOURCE;
				MTL_FAST_MATH = YES;
				ONLY_ACTIVE_ARCH = YES;
				SDKROOT = iphoneos;
				SWIFT_ACTIVE_COMPILATION_CONDITIONS = DEBUG;
				SWIFT_OPTIMIZATION_LEVEL = "-Onone";
			};
			name = Debug;
		};
		FF5EEFDF253E95B600D3A5D8 /* Release */ = {
			isa = XCBuildConfiguration;
			buildSettings = {
				ALWAYS_SEARCH_USER_PATHS = NO;
				CLANG_ANALYZER_NONNULL = YES;
				CLANG_ANALYZER_NUMBER_OBJECT_CONVERSION = YES_AGGRESSIVE;
				CLANG_CXX_LANGUAGE_STANDARD = "gnu++14";
				CLANG_CXX_LIBRARY = "libc++";
				CLANG_ENABLE_MODULES = YES;
				CLANG_ENABLE_OBJC_ARC = YES;
				CLANG_ENABLE_OBJC_WEAK = YES;
				CLANG_WARN_BLOCK_CAPTURE_AUTORELEASING = YES;
				CLANG_WARN_BOOL_CONVERSION = YES;
				CLANG_WARN_COMMA = YES;
				CLANG_WARN_CONSTANT_CONVERSION = YES;
				CLANG_WARN_DEPRECATED_OBJC_IMPLEMENTATIONS = YES;
				CLANG_WARN_DIRECT_OBJC_ISA_USAGE = YES_ERROR;
				CLANG_WARN_DOCUMENTATION_COMMENTS = YES;
				CLANG_WARN_EMPTY_BODY = YES;
				CLANG_WARN_ENUM_CONVERSION = YES;
				CLANG_WARN_INFINITE_RECURSION = YES;
				CLANG_WARN_INT_CONVERSION = YES;
				CLANG_WARN_NON_LITERAL_NULL_CONVERSION = YES;
				CLANG_WARN_OBJC_IMPLICIT_RETAIN_SELF = YES;
				CLANG_WARN_OBJC_LITERAL_CONVERSION = YES;
				CLANG_WARN_OBJC_ROOT_CLASS = YES_ERROR;
				CLANG_WARN_QUOTED_INCLUDE_IN_FRAMEWORK_HEADER = YES;
				CLANG_WARN_RANGE_LOOP_ANALYSIS = YES;
				CLANG_WARN_STRICT_PROTOTYPES = YES;
				CLANG_WARN_SUSPICIOUS_MOVE = YES;
				CLANG_WARN_UNGUARDED_AVAILABILITY = YES_AGGRESSIVE;
				CLANG_WARN_UNREACHABLE_CODE = YES;
				CLANG_WARN__DUPLICATE_METHOD_MATCH = YES;
				COPY_PHASE_STRIP = NO;
				DEBUG_INFORMATION_FORMAT = "dwarf-with-dsym";
				ENABLE_NS_ASSERTIONS = NO;
				ENABLE_STRICT_OBJC_MSGSEND = YES;
				GCC_C_LANGUAGE_STANDARD = gnu11;
				GCC_NO_COMMON_BLOCKS = YES;
				GCC_WARN_64_TO_32_BIT_CONVERSION = YES;
				GCC_WARN_ABOUT_RETURN_TYPE = YES_ERROR;
				GCC_WARN_UNDECLARED_SELECTOR = YES;
				GCC_WARN_UNINITIALIZED_AUTOS = YES_AGGRESSIVE;
				GCC_WARN_UNUSED_FUNCTION = YES;
				GCC_WARN_UNUSED_VARIABLE = YES;
				IPHONEOS_DEPLOYMENT_TARGET = 14.0;
				MTL_ENABLE_DEBUG_INFO = NO;
				MTL_FAST_MATH = YES;
				SDKROOT = iphoneos;
				SWIFT_COMPILATION_MODE = wholemodule;
				SWIFT_OPTIMIZATION_LEVEL = "-O";
				VALIDATE_PRODUCT = YES;
			};
			name = Release;
		};
		FF5EEFE1253E95B600D3A5D8 /* Debug */ = {
			isa = XCBuildConfiguration;
			buildSettings = {
				ASSETCATALOG_COMPILER_APPICON_NAME = AppIcon;
				ASSETCATALOG_COMPILER_GLOBAL_ACCENT_COLOR_NAME = AccentColor;
				CODE_SIGN_STYLE = Automatic;
				DEVELOPMENT_TEAM = L4857M8LR6;
				INFOPLIST_FILE = VoteNow/Info.plist;
				LD_RUNPATH_SEARCH_PATHS = (
					"$(inherited)",
					"@executable_path/Frameworks",
				);
				PRODUCT_BUNDLE_IDENTIFIER = Education.VoteNow;
				PRODUCT_NAME = "$(TARGET_NAME)";
				SWIFT_VERSION = 5.0;
				TARGETED_DEVICE_FAMILY = "1,2";
			};
			name = Debug;
		};
		FF5EEFE2253E95B600D3A5D8 /* Release */ = {
			isa = XCBuildConfiguration;
			buildSettings = {
				ASSETCATALOG_COMPILER_APPICON_NAME = AppIcon;
				ASSETCATALOG_COMPILER_GLOBAL_ACCENT_COLOR_NAME = AccentColor;
				CODE_SIGN_STYLE = Automatic;
				DEVELOPMENT_TEAM = L4857M8LR6;
				INFOPLIST_FILE = VoteNow/Info.plist;
				LD_RUNPATH_SEARCH_PATHS = (
					"$(inherited)",
					"@executable_path/Frameworks",
				);
				PRODUCT_BUNDLE_IDENTIFIER = Education.VoteNow;
				PRODUCT_NAME = "$(TARGET_NAME)";
				SWIFT_VERSION = 5.0;
				TARGETED_DEVICE_FAMILY = "1,2";
			};
			name = Release;
		};
		FF5EEFE4253E95B600D3A5D8 /* Debug */ = {
			isa = XCBuildConfiguration;
			buildSettings = {
				ALWAYS_EMBED_SWIFT_STANDARD_LIBRARIES = YES;
				BUNDLE_LOADER = "$(TEST_HOST)";
				CODE_SIGN_STYLE = Automatic;
				DEVELOPMENT_TEAM = L4857M8LR6;
				INFOPLIST_FILE = VoteNowTests/Info.plist;
				IPHONEOS_DEPLOYMENT_TARGET = 14.0;
				LD_RUNPATH_SEARCH_PATHS = (
					"$(inherited)",
					"@executable_path/Frameworks",
					"@loader_path/Frameworks",
				);
				PRODUCT_BUNDLE_IDENTIFIER = Education.VoteNowTests;
				PRODUCT_NAME = "$(TARGET_NAME)";
				SWIFT_VERSION = 5.0;
				TARGETED_DEVICE_FAMILY = "1,2";
				TEST_HOST = "$(BUILT_PRODUCTS_DIR)/VoteNow.app/VoteNow";
			};
			name = Debug;
		};
		FF5EEFE5253E95B600D3A5D8 /* Release */ = {
			isa = XCBuildConfiguration;
			buildSettings = {
				ALWAYS_EMBED_SWIFT_STANDARD_LIBRARIES = YES;
				BUNDLE_LOADER = "$(TEST_HOST)";
				CODE_SIGN_STYLE = Automatic;
				DEVELOPMENT_TEAM = L4857M8LR6;
				INFOPLIST_FILE = VoteNowTests/Info.plist;
				IPHONEOS_DEPLOYMENT_TARGET = 14.0;
				LD_RUNPATH_SEARCH_PATHS = (
					"$(inherited)",
					"@executable_path/Frameworks",
					"@loader_path/Frameworks",
				);
				PRODUCT_BUNDLE_IDENTIFIER = Education.VoteNowTests;
				PRODUCT_NAME = "$(TARGET_NAME)";
				SWIFT_VERSION = 5.0;
				TARGETED_DEVICE_FAMILY = "1,2";
				TEST_HOST = "$(BUILT_PRODUCTS_DIR)/VoteNow.app/VoteNow";
			};
			name = Release;
		};
		FF5EEFE7253E95B600D3A5D8 /* Debug */ = {
			isa = XCBuildConfiguration;
			buildSettings = {
				ALWAYS_EMBED_SWIFT_STANDARD_LIBRARIES = YES;
				CODE_SIGN_STYLE = Automatic;
				DEVELOPMENT_TEAM = L4857M8LR6;
				INFOPLIST_FILE = VoteNowUITests/Info.plist;
				LD_RUNPATH_SEARCH_PATHS = (
					"$(inherited)",
					"@executable_path/Frameworks",
					"@loader_path/Frameworks",
				);
				PRODUCT_BUNDLE_IDENTIFIER = Education.VoteNowUITests;
				PRODUCT_NAME = "$(TARGET_NAME)";
				SWIFT_VERSION = 5.0;
				TARGETED_DEVICE_FAMILY = "1,2";
				TEST_TARGET_NAME = VoteNow;
			};
			name = Debug;
		};
		FF5EEFE8253E95B600D3A5D8 /* Release */ = {
			isa = XCBuildConfiguration;
			buildSettings = {
				ALWAYS_EMBED_SWIFT_STANDARD_LIBRARIES = YES;
				CODE_SIGN_STYLE = Automatic;
				DEVELOPMENT_TEAM = L4857M8LR6;
				INFOPLIST_FILE = VoteNowUITests/Info.plist;
				LD_RUNPATH_SEARCH_PATHS = (
					"$(inherited)",
					"@executable_path/Frameworks",
					"@loader_path/Frameworks",
				);
				PRODUCT_BUNDLE_IDENTIFIER = Education.VoteNowUITests;
				PRODUCT_NAME = "$(TARGET_NAME)";
				SWIFT_VERSION = 5.0;
				TARGETED_DEVICE_FAMILY = "1,2";
				TEST_TARGET_NAME = VoteNow;
			};
			name = Release;
		};
/* End XCBuildConfiguration section */

/* Begin XCConfigurationList section */
		FF5EEFB1253E95B400D3A5D8 /* Build configuration list for PBXProject "VoteNow" */ = {
			isa = XCConfigurationList;
			buildConfigurations = (
				FF5EEFDE253E95B600D3A5D8 /* Debug */,
				FF5EEFDF253E95B600D3A5D8 /* Release */,
			);
			defaultConfigurationIsVisible = 0;
			defaultConfigurationName = Release;
		};
		FF5EEFE0253E95B600D3A5D8 /* Build configuration list for PBXNativeTarget "VoteNow" */ = {
			isa = XCConfigurationList;
			buildConfigurations = (
				FF5EEFE1253E95B600D3A5D8 /* Debug */,
				FF5EEFE2253E95B600D3A5D8 /* Release */,
			);
			defaultConfigurationIsVisible = 0;
			defaultConfigurationName = Release;
		};
		FF5EEFE3253E95B600D3A5D8 /* Build configuration list for PBXNativeTarget "VoteNowTests" */ = {
			isa = XCConfigurationList;
			buildConfigurations = (
				FF5EEFE4253E95B600D3A5D8 /* Debug */,
				FF5EEFE5253E95B600D3A5D8 /* Release */,
			);
			defaultConfigurationIsVisible = 0;
			defaultConfigurationName = Release;
		};
		FF5EEFE6253E95B600D3A5D8 /* Build configuration list for PBXNativeTarget "VoteNowUITests" */ = {
			isa = XCConfigurationList;
			buildConfigurations = (
				FF5EEFE7253E95B600D3A5D8 /* Debug */,
				FF5EEFE8253E95B600D3A5D8 /* Release */,
			);
			defaultConfigurationIsVisible = 0;
			defaultConfigurationName = Release;
		};
/* End XCConfigurationList section */
	};
	rootObject = FF5EEFAE253E95B400D3A5D8 /* Project object */;
}
